// !$*UTF8*$!
{
	archiveVersion = 1;
	classes = {
	};
	objectVersion = 50;
	objects = {

/* Begin PBXBuildFile section */
		3D55BB66B6228C8F307AA706 /* Pods_MassiveToBe_MassiveToBeUITests.framework in Frameworks */ = {isa = PBXBuildFile; fileRef = 3BE8EA210327C86140E55776 /* Pods_MassiveToBe_MassiveToBeUITests.framework */; };
		49BCB334250DD3100050495B /* AppDelegate.swift in Sources */ = {isa = PBXBuildFile; fileRef = 49BCB333250DD3100050495B /* AppDelegate.swift */; };
		49BCB336250DD3100050495B /* SceneDelegate.swift in Sources */ = {isa = PBXBuildFile; fileRef = 49BCB335250DD3100050495B /* SceneDelegate.swift */; };
		49BCB33A250DD3130050495B /* Assets.xcassets in Resources */ = {isa = PBXBuildFile; fileRef = 49BCB339250DD3130050495B /* Assets.xcassets */; };
		49BCB33D250DD3130050495B /* Preview Assets.xcassets in Resources */ = {isa = PBXBuildFile; fileRef = 49BCB33C250DD3130050495B /* Preview Assets.xcassets */; };
		49BCB340250DD3130050495B /* LaunchScreen.storyboard in Resources */ = {isa = PBXBuildFile; fileRef = 49BCB33E250DD3130050495B /* LaunchScreen.storyboard */; };
		49BCB34B250DD3140050495B /* MassiveToBeTests.swift in Sources */ = {isa = PBXBuildFile; fileRef = 49BCB34A250DD3140050495B /* MassiveToBeTests.swift */; };
		49BCB356250DD3140050495B /* MassiveToBeUITests.swift in Sources */ = {isa = PBXBuildFile; fileRef = 49BCB355250DD3140050495B /* MassiveToBeUITests.swift */; };
		49BCB3DA250E568F0050495B /* data.framework in Frameworks */ = {isa = PBXBuildFile; fileRef = 49BCB3D9250E568F0050495B /* data.framework */; };
		49BCB3DB250E568F0050495B /* data.framework in Embed Frameworks */ = {isa = PBXBuildFile; fileRef = 49BCB3D9250E568F0050495B /* data.framework */; settings = {ATTRIBUTES = (CodeSignOnCopy, RemoveHeadersOnCopy, ); }; };
		49BCB3DE250E56960050495B /* presentation.framework in Frameworks */ = {isa = PBXBuildFile; fileRef = 49BCB3DD250E56960050495B /* presentation.framework */; };
		49BCB3DF250E56960050495B /* presentation.framework in Embed Frameworks */ = {isa = PBXBuildFile; fileRef = 49BCB3DD250E56960050495B /* presentation.framework */; settings = {ATTRIBUTES = (CodeSignOnCopy, RemoveHeadersOnCopy, ); }; };
		49BCB3E1250E569C0050495B /* domain.framework in Frameworks */ = {isa = PBXBuildFile; fileRef = 49BCB3E0250E569C0050495B /* domain.framework */; };
		49BCB3E2250E569C0050495B /* domain.framework in Embed Frameworks */ = {isa = PBXBuildFile; fileRef = 49BCB3E0250E569C0050495B /* domain.framework */; settings = {ATTRIBUTES = (CodeSignOnCopy, RemoveHeadersOnCopy, ); }; };
		49BCB3FF2514E3F20050495B /* AppEnvironment.swift in Sources */ = {isa = PBXBuildFile; fileRef = 49BCB3FE2514E3F20050495B /* AppEnvironment.swift */; };
		49BCB4012514E4B30050495B /* AppDI.swift in Sources */ = {isa = PBXBuildFile; fileRef = 49BCB4002514E4B30050495B /* AppDI.swift */; };
		49BCB4032514E4C20050495B /* PostDI.swift in Sources */ = {isa = PBXBuildFile; fileRef = 49BCB4022514E4C20050495B /* PostDI.swift */; };
		49BCB40D2514FA210050495B /* PostDetailsDI.swift in Sources */ = {isa = PBXBuildFile; fileRef = 49BCB40C2514FA210050495B /* PostDetailsDI.swift */; };
		67A31371D5A9A6416F53FEB3 /* Pods_MassiveToBeTests.framework in Frameworks */ = {isa = PBXBuildFile; fileRef = 1F2AA2BC20FDCB95BA8BD556 /* Pods_MassiveToBeTests.framework */; };
		87D54AF803EE67C4A6985587 /* Pods_MassiveToBe.framework in Frameworks */ = {isa = PBXBuildFile; fileRef = CF85166B40E241EFAF1BBD1E /* Pods_MassiveToBe.framework */; };
/* End PBXBuildFile section */

/* Begin PBXContainerItemProxy section */
		49BCB347250DD3140050495B /* PBXContainerItemProxy */ = {
			isa = PBXContainerItemProxy;
			containerPortal = 49BCB328250DD3100050495B /* Project object */;
			proxyType = 1;
			remoteGlobalIDString = 49BCB32F250DD3100050495B;
			remoteInfo = MassiveToBe;
		};
		49BCB352250DD3140050495B /* PBXContainerItemProxy */ = {
			isa = PBXContainerItemProxy;
			containerPortal = 49BCB328250DD3100050495B /* Project object */;
			proxyType = 1;
			remoteGlobalIDString = 49BCB32F250DD3100050495B;
			remoteInfo = MassiveToBe;
		};
/* End PBXContainerItemProxy section */

/* Begin PBXCopyFilesBuildPhase section */
		49BCB3DC250E568F0050495B /* Embed Frameworks */ = {
			isa = PBXCopyFilesBuildPhase;
			buildActionMask = 2147483647;
			dstPath = "";
			dstSubfolderSpec = 10;
			files = (
				49BCB3DF250E56960050495B /* presentation.framework in Embed Frameworks */,
				49BCB3E2250E569C0050495B /* domain.framework in Embed Frameworks */,
				49BCB3DB250E568F0050495B /* data.framework in Embed Frameworks */,
			);
			name = "Embed Frameworks";
			runOnlyForDeploymentPostprocessing = 0;
		};
/* End PBXCopyFilesBuildPhase section */

/* Begin PBXFileReference section */
		1B8616F87EAD5778A964AE6D /* Pods-MassiveToBe.debug.xcconfig */ = {isa = PBXFileReference; includeInIndex = 1; lastKnownFileType = text.xcconfig; name = "Pods-MassiveToBe.debug.xcconfig"; path = "Target Support Files/Pods-MassiveToBe/Pods-MassiveToBe.debug.xcconfig"; sourceTree = "<group>"; };
		1F2AA2BC20FDCB95BA8BD556 /* Pods_MassiveToBeTests.framework */ = {isa = PBXFileReference; explicitFileType = wrapper.framework; includeInIndex = 0; path = Pods_MassiveToBeTests.framework; sourceTree = BUILT_PRODUCTS_DIR; };
		23FA63D49674F257E380AE09 /* Pods-MassiveToBe-MassiveToBeUITests.release.xcconfig */ = {isa = PBXFileReference; includeInIndex = 1; lastKnownFileType = text.xcconfig; name = "Pods-MassiveToBe-MassiveToBeUITests.release.xcconfig"; path = "Target Support Files/Pods-MassiveToBe-MassiveToBeUITests/Pods-MassiveToBe-MassiveToBeUITests.release.xcconfig"; sourceTree = "<group>"; };
		3BE8EA210327C86140E55776 /* Pods_MassiveToBe_MassiveToBeUITests.framework */ = {isa = PBXFileReference; explicitFileType = wrapper.framework; includeInIndex = 0; path = Pods_MassiveToBe_MassiveToBeUITests.framework; sourceTree = BUILT_PRODUCTS_DIR; };
		49BCB330250DD3100050495B /* MassiveToBe.app */ = {isa = PBXFileReference; explicitFileType = wrapper.application; includeInIndex = 0; path = MassiveToBe.app; sourceTree = BUILT_PRODUCTS_DIR; };
		49BCB333250DD3100050495B /* AppDelegate.swift */ = {isa = PBXFileReference; lastKnownFileType = sourcecode.swift; path = AppDelegate.swift; sourceTree = "<group>"; };
		49BCB335250DD3100050495B /* SceneDelegate.swift */ = {isa = PBXFileReference; lastKnownFileType = sourcecode.swift; path = SceneDelegate.swift; sourceTree = "<group>"; };
		49BCB339250DD3130050495B /* Assets.xcassets */ = {isa = PBXFileReference; lastKnownFileType = folder.assetcatalog; path = Assets.xcassets; sourceTree = "<group>"; };
		49BCB33C250DD3130050495B /* Preview Assets.xcassets */ = {isa = PBXFileReference; lastKnownFileType = folder.assetcatalog; path = "Preview Assets.xcassets"; sourceTree = "<group>"; };
		49BCB33F250DD3130050495B /* Base */ = {isa = PBXFileReference; lastKnownFileType = file.storyboard; name = Base; path = Base.lproj/LaunchScreen.storyboard; sourceTree = "<group>"; };
		49BCB341250DD3130050495B /* Info.plist */ = {isa = PBXFileReference; lastKnownFileType = text.plist.xml; path = Info.plist; sourceTree = "<group>"; };
		49BCB346250DD3140050495B /* MassiveToBeTests.xctest */ = {isa = PBXFileReference; explicitFileType = wrapper.cfbundle; includeInIndex = 0; path = MassiveToBeTests.xctest; sourceTree = BUILT_PRODUCTS_DIR; };
		49BCB34A250DD3140050495B /* MassiveToBeTests.swift */ = {isa = PBXFileReference; lastKnownFileType = sourcecode.swift; path = MassiveToBeTests.swift; sourceTree = "<group>"; };
		49BCB34C250DD3140050495B /* Info.plist */ = {isa = PBXFileReference; lastKnownFileType = text.plist.xml; path = Info.plist; sourceTree = "<group>"; };
		49BCB351250DD3140050495B /* MassiveToBeUITests.xctest */ = {isa = PBXFileReference; explicitFileType = wrapper.cfbundle; includeInIndex = 0; path = MassiveToBeUITests.xctest; sourceTree = BUILT_PRODUCTS_DIR; };
		49BCB355250DD3140050495B /* MassiveToBeUITests.swift */ = {isa = PBXFileReference; lastKnownFileType = sourcecode.swift; path = MassiveToBeUITests.swift; sourceTree = "<group>"; };
		49BCB357250DD3140050495B /* Info.plist */ = {isa = PBXFileReference; lastKnownFileType = text.plist.xml; path = Info.plist; sourceTree = "<group>"; };
		49BCB3D9250E568F0050495B /* data.framework */ = {isa = PBXFileReference; explicitFileType = wrapper.framework; path = data.framework; sourceTree = BUILT_PRODUCTS_DIR; };
		49BCB3DD250E56960050495B /* presentation.framework */ = {isa = PBXFileReference; explicitFileType = wrapper.framework; path = presentation.framework; sourceTree = BUILT_PRODUCTS_DIR; };
		49BCB3E0250E569C0050495B /* domain.framework */ = {isa = PBXFileReference; explicitFileType = wrapper.framework; path = domain.framework; sourceTree = BUILT_PRODUCTS_DIR; };
		49BCB3FE2514E3F20050495B /* AppEnvironment.swift */ = {isa = PBXFileReference; lastKnownFileType = sourcecode.swift; path = AppEnvironment.swift; sourceTree = "<group>"; };
		49BCB4002514E4B30050495B /* AppDI.swift */ = {isa = PBXFileReference; lastKnownFileType = sourcecode.swift; path = AppDI.swift; sourceTree = "<group>"; };
		49BCB4022514E4C20050495B /* PostDI.swift */ = {isa = PBXFileReference; lastKnownFileType = sourcecode.swift; path = PostDI.swift; sourceTree = "<group>"; };
		49BCB40C2514FA210050495B /* PostDetailsDI.swift */ = {isa = PBXFileReference; lastKnownFileType = sourcecode.swift; path = PostDetailsDI.swift; sourceTree = "<group>"; };
		4EA2E1098EBBC348E811D927 /* Pods-MassiveToBeTests.debug.xcconfig */ = {isa = PBXFileReference; includeInIndex = 1; lastKnownFileType = text.xcconfig; name = "Pods-MassiveToBeTests.debug.xcconfig"; path = "Target Support Files/Pods-MassiveToBeTests/Pods-MassiveToBeTests.debug.xcconfig"; sourceTree = "<group>"; };
		5D68FA847A26AC95EF13AE40 /* Pods-MassiveToBeTests.release.xcconfig */ = {isa = PBXFileReference; includeInIndex = 1; lastKnownFileType = text.xcconfig; name = "Pods-MassiveToBeTests.release.xcconfig"; path = "Target Support Files/Pods-MassiveToBeTests/Pods-MassiveToBeTests.release.xcconfig"; sourceTree = "<group>"; };
		79DF302BE775700F65B0FCE1 /* Pods-MassiveToBe.release.xcconfig */ = {isa = PBXFileReference; includeInIndex = 1; lastKnownFileType = text.xcconfig; name = "Pods-MassiveToBe.release.xcconfig"; path = "Target Support Files/Pods-MassiveToBe/Pods-MassiveToBe.release.xcconfig"; sourceTree = "<group>"; };
		CF85166B40E241EFAF1BBD1E /* Pods_MassiveToBe.framework */ = {isa = PBXFileReference; explicitFileType = wrapper.framework; includeInIndex = 0; path = Pods_MassiveToBe.framework; sourceTree = BUILT_PRODUCTS_DIR; };
		E43D1CF85F8C19013D12A4E0 /* Pods-MassiveToBe-MassiveToBeUITests.debug.xcconfig */ = {isa = PBXFileReference; includeInIndex = 1; lastKnownFileType = text.xcconfig; name = "Pods-MassiveToBe-MassiveToBeUITests.debug.xcconfig"; path = "Target Support Files/Pods-MassiveToBe-MassiveToBeUITests/Pods-MassiveToBe-MassiveToBeUITests.debug.xcconfig"; sourceTree = "<group>"; };
/* End PBXFileReference section */

/* Begin PBXFrameworksBuildPhase section */
		49BCB32D250DD3100050495B /* Frameworks */ = {
			isa = PBXFrameworksBuildPhase;
			buildActionMask = 2147483647;
			files = (
				49BCB3E1250E569C0050495B /* domain.framework in Frameworks */,
				49BCB3DE250E56960050495B /* presentation.framework in Frameworks */,
				49BCB3DA250E568F0050495B /* data.framework in Frameworks */,
				87D54AF803EE67C4A6985587 /* Pods_MassiveToBe.framework in Frameworks */,
			);
			runOnlyForDeploymentPostprocessing = 0;
		};
		49BCB343250DD3140050495B /* Frameworks */ = {
			isa = PBXFrameworksBuildPhase;
			buildActionMask = 2147483647;
			files = (
				67A31371D5A9A6416F53FEB3 /* Pods_MassiveToBeTests.framework in Frameworks */,
			);
			runOnlyForDeploymentPostprocessing = 0;
		};
		49BCB34E250DD3140050495B /* Frameworks */ = {
			isa = PBXFrameworksBuildPhase;
			buildActionMask = 2147483647;
			files = (
				3D55BB66B6228C8F307AA706 /* Pods_MassiveToBe_MassiveToBeUITests.framework in Frameworks */,
			);
			runOnlyForDeploymentPostprocessing = 0;
		};
/* End PBXFrameworksBuildPhase section */

/* Begin PBXGroup section */
		2014F9DE4B2552AC206CDF8A /* Pods */ = {
			isa = PBXGroup;
			children = (
				1B8616F87EAD5778A964AE6D /* Pods-MassiveToBe.debug.xcconfig */,
				79DF302BE775700F65B0FCE1 /* Pods-MassiveToBe.release.xcconfig */,
				E43D1CF85F8C19013D12A4E0 /* Pods-MassiveToBe-MassiveToBeUITests.debug.xcconfig */,
				23FA63D49674F257E380AE09 /* Pods-MassiveToBe-MassiveToBeUITests.release.xcconfig */,
				4EA2E1098EBBC348E811D927 /* Pods-MassiveToBeTests.debug.xcconfig */,
				5D68FA847A26AC95EF13AE40 /* Pods-MassiveToBeTests.release.xcconfig */,
			);
			path = Pods;
			sourceTree = "<group>";
		};
		49BCB327250DD3100050495B = {
			isa = PBXGroup;
			children = (
				49BCB332250DD3100050495B /* MassiveToBe */,
				49BCB349250DD3140050495B /* MassiveToBeTests */,
				49BCB354250DD3140050495B /* MassiveToBeUITests */,
				49BCB331250DD3100050495B /* Products */,
				2014F9DE4B2552AC206CDF8A /* Pods */,
				717392B97734727A369F26F8 /* Frameworks */,
			);
			sourceTree = "<group>";
		};
		49BCB331250DD3100050495B /* Products */ = {
			isa = PBXGroup;
			children = (
				49BCB330250DD3100050495B /* MassiveToBe.app */,
				49BCB346250DD3140050495B /* MassiveToBeTests.xctest */,
				49BCB351250DD3140050495B /* MassiveToBeUITests.xctest */,
			);
			name = Products;
			sourceTree = "<group>";
		};
		49BCB332250DD3100050495B /* MassiveToBe */ = {
			isa = PBXGroup;
			children = (
				49BCB333250DD3100050495B /* AppDelegate.swift */,
				49BCB335250DD3100050495B /* SceneDelegate.swift */,
				49BCB3FC2514E3A70050495B /* AppDI */,
				49BCB3FD2514E3E20050495B /* AppEnvironment */,
				49BCB339250DD3130050495B /* Assets.xcassets */,
				49BCB33E250DD3130050495B /* LaunchScreen.storyboard */,
				49BCB341250DD3130050495B /* Info.plist */,
				49BCB33B250DD3130050495B /* Preview Content */,
			);
			path = MassiveToBe;
			sourceTree = "<group>";
		};
		49BCB33B250DD3130050495B /* Preview Content */ = {
			isa = PBXGroup;
			children = (
				49BCB33C250DD3130050495B /* Preview Assets.xcassets */,
			);
			path = "Preview Content";
			sourceTree = "<group>";
		};
		49BCB349250DD3140050495B /* MassiveToBeTests */ = {
			isa = PBXGroup;
			children = (
				49BCB34A250DD3140050495B /* MassiveToBeTests.swift */,
				49BCB34C250DD3140050495B /* Info.plist */,
			);
			path = MassiveToBeTests;
			sourceTree = "<group>";
		};
		49BCB354250DD3140050495B /* MassiveToBeUITests */ = {
			isa = PBXGroup;
			children = (
				49BCB355250DD3140050495B /* MassiveToBeUITests.swift */,
				49BCB357250DD3140050495B /* Info.plist */,
			);
			path = MassiveToBeUITests;
			sourceTree = "<group>";
		};
		49BCB3FC2514E3A70050495B /* AppDI */ = {
			isa = PBXGroup;
			children = (
				49BCB4002514E4B30050495B /* AppDI.swift */,
				49BCB4022514E4C20050495B /* PostDI.swift */,
				49BCB40C2514FA210050495B /* PostDetailsDI.swift */,
			);
			path = AppDI;
			sourceTree = "<group>";
		};
		49BCB3FD2514E3E20050495B /* AppEnvironment */ = {
			isa = PBXGroup;
			children = (
				49BCB3FE2514E3F20050495B /* AppEnvironment.swift */,
			);
			path = AppEnvironment;
			sourceTree = "<group>";
		};
		717392B97734727A369F26F8 /* Frameworks */ = {
			isa = PBXGroup;
			children = (
				49BCB3E0250E569C0050495B /* domain.framework */,
				49BCB3DD250E56960050495B /* presentation.framework */,
				49BCB3D9250E568F0050495B /* data.framework */,
				CF85166B40E241EFAF1BBD1E /* Pods_MassiveToBe.framework */,
				3BE8EA210327C86140E55776 /* Pods_MassiveToBe_MassiveToBeUITests.framework */,
				1F2AA2BC20FDCB95BA8BD556 /* Pods_MassiveToBeTests.framework */,
			);
			name = Frameworks;
			sourceTree = "<group>";
		};
/* End PBXGroup section */

/* Begin PBXNativeTarget section */
		49BCB32F250DD3100050495B /* MassiveToBe */ = {
			isa = PBXNativeTarget;
			buildConfigurationList = 49BCB35A250DD3140050495B /* Build configuration list for PBXNativeTarget "MassiveToBe" */;
			buildPhases = (
				E94AACF99654030D1D7B9340 /* [CP] Check Pods Manifest.lock */,
				49BCB32C250DD3100050495B /* Sources */,
				49BCB32D250DD3100050495B /* Frameworks */,
				49BCB32E250DD3100050495B /* Resources */,
				49BCB3DC250E568F0050495B /* Embed Frameworks */,
			);
			buildRules = (
			);
			dependencies = (
			);
			name = MassiveToBe;
			productName = MassiveToBe;
			productReference = 49BCB330250DD3100050495B /* MassiveToBe.app */;
			productType = "com.apple.product-type.application";
		};
		49BCB345250DD3140050495B /* MassiveToBeTests */ = {
			isa = PBXNativeTarget;
			buildConfigurationList = 49BCB35D250DD3140050495B /* Build configuration list for PBXNativeTarget "MassiveToBeTests" */;
			buildPhases = (
				2A2A439F8A54AF4CCC4DC6A3 /* [CP] Check Pods Manifest.lock */,
				49BCB342250DD3140050495B /* Sources */,
				49BCB343250DD3140050495B /* Frameworks */,
				49BCB344250DD3140050495B /* Resources */,
			);
			buildRules = (
			);
			dependencies = (
				49BCB348250DD3140050495B /* PBXTargetDependency */,
			);
			name = MassiveToBeTests;
			productName = MassiveToBeTests;
			productReference = 49BCB346250DD3140050495B /* MassiveToBeTests.xctest */;
			productType = "com.apple.product-type.bundle.unit-test";
		};
		49BCB350250DD3140050495B /* MassiveToBeUITests */ = {
			isa = PBXNativeTarget;
			buildConfigurationList = 49BCB360250DD3140050495B /* Build configuration list for PBXNativeTarget "MassiveToBeUITests" */;
			buildPhases = (
				15515CD3E43F56586597AF40 /* [CP] Check Pods Manifest.lock */,
				49BCB34D250DD3140050495B /* Sources */,
				49BCB34E250DD3140050495B /* Frameworks */,
				49BCB34F250DD3140050495B /* Resources */,
			);
			buildRules = (
			);
			dependencies = (
				49BCB353250DD3140050495B /* PBXTargetDependency */,
			);
			name = MassiveToBeUITests;
			productName = MassiveToBeUITests;
			productReference = 49BCB351250DD3140050495B /* MassiveToBeUITests.xctest */;
			productType = "com.apple.product-type.bundle.ui-testing";
		};
/* End PBXNativeTarget section */

/* Begin PBXProject section */
		49BCB328250DD3100050495B /* Project object */ = {
			isa = PBXProject;
			attributes = {
				LastSwiftUpdateCheck = 1160;
				LastUpgradeCheck = 1160;
				ORGANIZATIONNAME = Thiqah;
				TargetAttributes = {
					49BCB32F250DD3100050495B = {
						CreatedOnToolsVersion = 11.6;
					};
					49BCB345250DD3140050495B = {
						CreatedOnToolsVersion = 11.6;
						TestTargetID = 49BCB32F250DD3100050495B;
					};
					49BCB350250DD3140050495B = {
						CreatedOnToolsVersion = 11.6;
						TestTargetID = 49BCB32F250DD3100050495B;
					};
				};
			};
			buildConfigurationList = 49BCB32B250DD3100050495B /* Build configuration list for PBXProject "MassiveToBe" */;
			compatibilityVersion = "Xcode 9.3";
			developmentRegion = en;
			hasScannedForEncodings = 0;
			knownRegions = (
				en,
				Base,
			);
			mainGroup = 49BCB327250DD3100050495B;
			productRefGroup = 49BCB331250DD3100050495B /* Products */;
			projectDirPath = "";
			projectRoot = "";
			targets = (
				49BCB32F250DD3100050495B /* MassiveToBe */,
				49BCB345250DD3140050495B /* MassiveToBeTests */,
				49BCB350250DD3140050495B /* MassiveToBeUITests */,
			);
		};
/* End PBXProject section */

/* Begin PBXResourcesBuildPhase section */
		49BCB32E250DD3100050495B /* Resources */ = {
			isa = PBXResourcesBuildPhase;
			buildActionMask = 2147483647;
			files = (
				49BCB340250DD3130050495B /* LaunchScreen.storyboard in Resources */,
				49BCB33D250DD3130050495B /* Preview Assets.xcassets in Resources */,
				49BCB33A250DD3130050495B /* Assets.xcassets in Resources */,
			);
			runOnlyForDeploymentPostprocessing = 0;
		};
		49BCB344250DD3140050495B /* Resources */ = {
			isa = PBXResourcesBuildPhase;
			buildActionMask = 2147483647;
			files = (
			);
			runOnlyForDeploymentPostprocessing = 0;
		};
		49BCB34F250DD3140050495B /* Resources */ = {
			isa = PBXResourcesBuildPhase;
			buildActionMask = 2147483647;
			files = (
			);
			runOnlyForDeploymentPostprocessing = 0;
		};
/* End PBXResourcesBuildPhase section */

/* Begin PBXShellScriptBuildPhase section */
		15515CD3E43F56586597AF40 /* [CP] Check Pods Manifest.lock */ = {
			isa = PBXShellScriptBuildPhase;
			buildActionMask = 2147483647;
			files = (
			);
			inputFileListPaths = (
			);
			inputPaths = (
				"${PODS_PODFILE_DIR_PATH}/Podfile.lock",
				"${PODS_ROOT}/Manifest.lock",
			);
			name = "[CP] Check Pods Manifest.lock";
			outputFileListPaths = (
			);
			outputPaths = (
				"$(DERIVED_FILE_DIR)/Pods-MassiveToBe-MassiveToBeUITests-checkManifestLockResult.txt",
			);
			runOnlyForDeploymentPostprocessing = 0;
			shellPath = /bin/sh;
			shellScript = "diff \"${PODS_PODFILE_DIR_PATH}/Podfile.lock\" \"${PODS_ROOT}/Manifest.lock\" > /dev/null\nif [ $? != 0 ] ; then\n    # print error to STDERR\n    echo \"error: The sandbox is not in sync with the Podfile.lock. Run 'pod install' or update your CocoaPods installation.\" >&2\n    exit 1\nfi\n# This output is used by Xcode 'outputs' to avoid re-running this script phase.\necho \"SUCCESS\" > \"${SCRIPT_OUTPUT_FILE_0}\"\n";
			showEnvVarsInLog = 0;
		};
		2A2A439F8A54AF4CCC4DC6A3 /* [CP] Check Pods Manifest.lock */ = {
			isa = PBXShellScriptBuildPhase;
			buildActionMask = 2147483647;
			files = (
			);
			inputFileListPaths = (
			);
			inputPaths = (
				"${PODS_PODFILE_DIR_PATH}/Podfile.lock",
				"${PODS_ROOT}/Manifest.lock",
			);
			name = "[CP] Check Pods Manifest.lock";
			outputFileListPaths = (
			);
			outputPaths = (
				"$(DERIVED_FILE_DIR)/Pods-MassiveToBeTests-checkManifestLockResult.txt",
			);
			runOnlyForDeploymentPostprocessing = 0;
			shellPath = /bin/sh;
			shellScript = "diff \"${PODS_PODFILE_DIR_PATH}/Podfile.lock\" \"${PODS_ROOT}/Manifest.lock\" > /dev/null\nif [ $? != 0 ] ; then\n    # print error to STDERR\n    echo \"error: The sandbox is not in sync with the Podfile.lock. Run 'pod install' or update your CocoaPods installation.\" >&2\n    exit 1\nfi\n# This output is used by Xcode 'outputs' to avoid re-running this script phase.\necho \"SUCCESS\" > \"${SCRIPT_OUTPUT_FILE_0}\"\n";
			showEnvVarsInLog = 0;
		};
		E94AACF99654030D1D7B9340 /* [CP] Check Pods Manifest.lock */ = {
			isa = PBXShellScriptBuildPhase;
			buildActionMask = 2147483647;
			files = (
			);
			inputFileListPaths = (
			);
			inputPaths = (
				"${PODS_PODFILE_DIR_PATH}/Podfile.lock",
				"${PODS_ROOT}/Manifest.lock",
			);
			name = "[CP] Check Pods Manifest.lock";
			outputFileListPaths = (
			);
			outputPaths = (
				"$(DERIVED_FILE_DIR)/Pods-MassiveToBe-checkManifestLockResult.txt",
			);
			runOnlyForDeploymentPostprocessing = 0;
			shellPath = /bin/sh;
			shellScript = "diff \"${PODS_PODFILE_DIR_PATH}/Podfile.lock\" \"${PODS_ROOT}/Manifest.lock\" > /dev/null\nif [ $? != 0 ] ; then\n    # print error to STDERR\n    echo \"error: The sandbox is not in sync with the Podfile.lock. Run 'pod install' or update your CocoaPods installation.\" >&2\n    exit 1\nfi\n# This output is used by Xcode 'outputs' to avoid re-running this script phase.\necho \"SUCCESS\" > \"${SCRIPT_OUTPUT_FILE_0}\"\n";
			showEnvVarsInLog = 0;
		};
/* End PBXShellScriptBuildPhase section */

/* Begin PBXSourcesBuildPhase section */
		49BCB32C250DD3100050495B /* Sources */ = {
			isa = PBXSourcesBuildPhase;
			buildActionMask = 2147483647;
			files = (
				49BCB334250DD3100050495B /* AppDelegate.swift in Sources */,
				49BCB40D2514FA210050495B /* PostDetailsDI.swift in Sources */,
				49BCB3FF2514E3F20050495B /* AppEnvironment.swift in Sources */,
				49BCB4032514E4C20050495B /* PostDI.swift in Sources */,
				49BCB4012514E4B30050495B /* AppDI.swift in Sources */,
				49BCB336250DD3100050495B /* SceneDelegate.swift in Sources */,
			);
			runOnlyForDeploymentPostprocessing = 0;
		};
		49BCB342250DD3140050495B /* Sources */ = {
			isa = PBXSourcesBuildPhase;
			buildActionMask = 2147483647;
			files = (
				49BCB34B250DD3140050495B /* MassiveToBeTests.swift in Sources */,
			);
			runOnlyForDeploymentPostprocessing = 0;
		};
		49BCB34D250DD3140050495B /* Sources */ = {
			isa = PBXSourcesBuildPhase;
			buildActionMask = 2147483647;
			files = (
				49BCB356250DD3140050495B /* MassiveToBeUITests.swift in Sources */,
			);
			runOnlyForDeploymentPostprocessing = 0;
		};
/* End PBXSourcesBuildPhase section */

/* Begin PBXTargetDependency section */
		49BCB348250DD3140050495B /* PBXTargetDependency */ = {
			isa = PBXTargetDependency;
			target = 49BCB32F250DD3100050495B /* MassiveToBe */;
			targetProxy = 49BCB347250DD3140050495B /* PBXContainerItemProxy */;
		};
		49BCB353250DD3140050495B /* PBXTargetDependency */ = {
			isa = PBXTargetDependency;
			target = 49BCB32F250DD3100050495B /* MassiveToBe */;
			targetProxy = 49BCB352250DD3140050495B /* PBXContainerItemProxy */;
		};
/* End PBXTargetDependency section */

/* Begin PBXVariantGroup section */
		49BCB33E250DD3130050495B /* LaunchScreen.storyboard */ = {
			isa = PBXVariantGroup;
			children = (
				49BCB33F250DD3130050495B /* Base */,
			);
			name = LaunchScreen.storyboard;
			sourceTree = "<group>";
		};
/* End PBXVariantGroup section */

/* Begin XCBuildConfiguration section */
		49BCB358250DD3140050495B /* Debug */ = {
			isa = XCBuildConfiguration;
			buildSettings = {
				ALWAYS_SEARCH_USER_PATHS = NO;
				CLANG_ANALYZER_NONNULL = YES;
				CLANG_ANALYZER_NUMBER_OBJECT_CONVERSION = YES_AGGRESSIVE;
				CLANG_CXX_LANGUAGE_STANDARD = "gnu++14";
				CLANG_CXX_LIBRARY = "libc++";
				CLANG_ENABLE_MODULES = YES;
				CLANG_ENABLE_OBJC_ARC = YES;
				CLANG_ENABLE_OBJC_WEAK = YES;
				CLANG_WARN_BLOCK_CAPTURE_AUTORELEASING = YES;
				CLANG_WARN_BOOL_CONVERSION = YES;
				CLANG_WARN_COMMA = YES;
				CLANG_WARN_CONSTANT_CONVERSION = YES;
				CLANG_WARN_DEPRECATED_OBJC_IMPLEMENTATIONS = YES;
				CLANG_WARN_DIRECT_OBJC_ISA_USAGE = YES_ERROR;
				CLANG_WARN_DOCUMENTATION_COMMENTS = YES;
				CLANG_WARN_EMPTY_BODY = YES;
				CLANG_WARN_ENUM_CONVERSION = YES;
				CLANG_WARN_INFINITE_RECURSION = YES;
				CLANG_WARN_INT_CONVERSION = YES;
				CLANG_WARN_NON_LITERAL_NULL_CONVERSION = YES;
				CLANG_WARN_OBJC_IMPLICIT_RETAIN_SELF = YES;
				CLANG_WARN_OBJC_LITERAL_CONVERSION = YES;
				CLANG_WARN_OBJC_ROOT_CLASS = YES_ERROR;
				CLANG_WARN_RANGE_LOOP_ANALYSIS = YES;
				CLANG_WARN_STRICT_PROTOTYPES = YES;
				CLANG_WARN_SUSPICIOUS_MOVE = YES;
				CLANG_WARN_UNGUARDED_AVAILABILITY = YES_AGGRESSIVE;
				CLANG_WARN_UNREACHABLE_CODE = YES;
				CLANG_WARN__DUPLICATE_METHOD_MATCH = YES;
				COPY_PHASE_STRIP = NO;
				DEBUG_INFORMATION_FORMAT = dwarf;
				ENABLE_STRICT_OBJC_MSGSEND = YES;
				ENABLE_TESTABILITY = YES;
				GCC_C_LANGUAGE_STANDARD = gnu11;
				GCC_DYNAMIC_NO_PIC = NO;
				GCC_NO_COMMON_BLOCKS = YES;
				GCC_OPTIMIZATION_LEVEL = 0;
				GCC_PREPROCESSOR_DEFINITIONS = (
					"DEBUG=1",
					"$(inherited)",
				);
				GCC_WARN_64_TO_32_BIT_CONVERSION = YES;
				GCC_WARN_ABOUT_RETURN_TYPE = YES_ERROR;
				GCC_WARN_UNDECLARED_SELECTOR = YES;
				GCC_WARN_UNINITIALIZED_AUTOS = YES_AGGRESSIVE;
				GCC_WARN_UNUSED_FUNCTION = YES;
				GCC_WARN_UNUSED_VARIABLE = YES;
				IPHONEOS_DEPLOYMENT_TARGET = 13.6;
				MTL_ENABLE_DEBUG_INFO = INCLUDE_SOURCE;
				MTL_FAST_MATH = YES;
				ONLY_ACTIVE_ARCH = YES;
				SDKROOT = iphoneos;
				SWIFT_ACTIVE_COMPILATION_CONDITIONS = DEBUG;
				SWIFT_OPTIMIZATION_LEVEL = "-Onone";
			};
			name = Debug;
		};
		49BCB359250DD3140050495B /* Release */ = {
			isa = XCBuildConfiguration;
			buildSettings = {
				ALWAYS_SEARCH_USER_PATHS = NO;
				CLANG_ANALYZER_NONNULL = YES;
				CLANG_ANALYZER_NUMBER_OBJECT_CONVERSION = YES_AGGRESSIVE;
				CLANG_CXX_LANGUAGE_STANDARD = "gnu++14";
				CLANG_CXX_LIBRARY = "libc++";
				CLANG_ENABLE_MODULES = YES;
				CLANG_ENABLE_OBJC_ARC = YES;
				CLANG_ENABLE_OBJC_WEAK = YES;
				CLANG_WARN_BLOCK_CAPTURE_AUTORELEASING = YES;
				CLANG_WARN_BOOL_CONVERSION = YES;
				CLANG_WARN_COMMA = YES;
				CLANG_WARN_CONSTANT_CONVERSION = YES;
				CLANG_WARN_DEPRECATED_OBJC_IMPLEMENTATIONS = YES;
				CLANG_WARN_DIRECT_OBJC_ISA_USAGE = YES_ERROR;
				CLANG_WARN_DOCUMENTATION_COMMENTS = YES;
				CLANG_WARN_EMPTY_BODY = YES;
				CLANG_WARN_ENUM_CONVERSION = YES;
				CLANG_WARN_INFINITE_RECURSION = YES;
				CLANG_WARN_INT_CONVERSION = YES;
				CLANG_WARN_NON_LITERAL_NULL_CONVERSION = YES;
				CLANG_WARN_OBJC_IMPLICIT_RETAIN_SELF = YES;
				CLANG_WARN_OBJC_LITERAL_CONVERSION = YES;
				CLANG_WARN_OBJC_ROOT_CLASS = YES_ERROR;
				CLANG_WARN_RANGE_LOOP_ANALYSIS = YES;
				CLANG_WARN_STRICT_PROTOTYPES = YES;
				CLANG_WARN_SUSPICIOUS_MOVE = YES;
				CLANG_WARN_UNGUARDED_AVAILABILITY = YES_AGGRESSIVE;
				CLANG_WARN_UNREACHABLE_CODE = YES;
				CLANG_WARN__DUPLICATE_METHOD_MATCH = YES;
				COPY_PHASE_STRIP = NO;
				DEBUG_INFORMATION_FORMAT = "dwarf-with-dsym";
				ENABLE_NS_ASSERTIONS = NO;
				ENABLE_STRICT_OBJC_MSGSEND = YES;
				GCC_C_LANGUAGE_STANDARD = gnu11;
				GCC_NO_COMMON_BLOCKS = YES;
				GCC_WARN_64_TO_32_BIT_CONVERSION = YES;
				GCC_WARN_ABOUT_RETURN_TYPE = YES_ERROR;
				GCC_WARN_UNDECLARED_SELECTOR = YES;
				GCC_WARN_UNINITIALIZED_AUTOS = YES_AGGRESSIVE;
				GCC_WARN_UNUSED_FUNCTION = YES;
				GCC_WARN_UNUSED_VARIABLE = YES;
				IPHONEOS_DEPLOYMENT_TARGET = 13.6;
				MTL_ENABLE_DEBUG_INFO = NO;
				MTL_FAST_MATH = YES;
				SDKROOT = iphoneos;
				SWIFT_COMPILATION_MODE = wholemodule;
				SWIFT_OPTIMIZATION_LEVEL = "-O";
				VALIDATE_PRODUCT = YES;
			};
			name = Release;
		};
		49BCB35B250DD3140050495B /* Debug */ = {
			isa = XCBuildConfiguration;
			baseConfigurationReference = 1B8616F87EAD5778A964AE6D /* Pods-MassiveToBe.debug.xcconfig */;
			buildSettings = {
				ASSETCATALOG_COMPILER_APPICON_NAME = AppIcon;
				CODE_SIGN_STYLE = Automatic;
				DEVELOPMENT_ASSET_PATHS = "\"MassiveToBe/Preview Content\"";
				DEVELOPMENT_TEAM = H3J6B8XHH2;
				ENABLE_PREVIEWS = YES;
				INFOPLIST_FILE = MassiveToBe/Info.plist;
				LD_RUNPATH_SEARCH_PATHS = (
					"$(inherited)",
					"@executable_path/Frameworks",
				);
				PRODUCT_BUNDLE_IDENTIFIER = com.Thiqah.MassiveToBe;
				PRODUCT_NAME = "$(TARGET_NAME)";
				SWIFT_VERSION = 5.0;
				TARGETED_DEVICE_FAMILY = "1,2";
			};
			name = Debug;
		};
		49BCB35C250DD3140050495B /* Release */ = {
			isa = XCBuildConfiguration;
			baseConfigurationReference = 79DF302BE775700F65B0FCE1 /* Pods-MassiveToBe.release.xcconfig */;
			buildSettings = {
				ASSETCATALOG_COMPILER_APPICON_NAME = AppIcon;
				CODE_SIGN_STYLE = Automatic;
				DEVELOPMENT_ASSET_PATHS = "\"MassiveToBe/Preview Content\"";
				DEVELOPMENT_TEAM = H3J6B8XHH2;
				ENABLE_PREVIEWS = YES;
				INFOPLIST_FILE = MassiveToBe/Info.plist;
				LD_RUNPATH_SEARCH_PATHS = (
					"$(inherited)",
					"@executable_path/Frameworks",
				);
				PRODUCT_BUNDLE_IDENTIFIER = com.Thiqah.MassiveToBe;
				PRODUCT_NAME = "$(TARGET_NAME)";
				SWIFT_VERSION = 5.0;
				TARGETED_DEVICE_FAMILY = "1,2";
			};
			name = Release;
		};
		49BCB35E250DD3140050495B /* Debug */ = {
			isa = XCBuildConfiguration;
			baseConfigurationReference = 4EA2E1098EBBC348E811D927 /* Pods-MassiveToBeTests.debug.xcconfig */;
			buildSettings = {
				ALWAYS_EMBED_SWIFT_STANDARD_LIBRARIES = YES;
				BUNDLE_LOADER = "$(TEST_HOST)";
				CODE_SIGN_STYLE = Automatic;
				DEVELOPMENT_TEAM = H3J6B8XHH2;
				INFOPLIST_FILE = MassiveToBeTests/Info.plist;
				IPHONEOS_DEPLOYMENT_TARGET = 13.6;
				LD_RUNPATH_SEARCH_PATHS = (
					"$(inherited)",
					"@executable_path/Frameworks",
					"@loader_path/Frameworks",
				);
				PRODUCT_BUNDLE_IDENTIFIER = com.Thiqah.MassiveToBeTests;
				PRODUCT_NAME = "$(TARGET_NAME)";
				SWIFT_VERSION = 5.0;
				TARGETED_DEVICE_FAMILY = "1,2";
				TEST_HOST = "$(BUILT_PRODUCTS_DIR)/MassiveToBe.app/MassiveToBe";
			};
			name = Debug;
		};
		49BCB35F250DD3140050495B /* Release */ = {
			isa = XCBuildConfiguration;
			baseConfigurationReference = 5D68FA847A26AC95EF13AE40 /* Pods-MassiveToBeTests.release.xcconfig */;
			buildSettings = {
				ALWAYS_EMBED_SWIFT_STANDARD_LIBRARIES = YES;
				BUNDLE_LOADER = "$(TEST_HOST)";
				CODE_SIGN_STYLE = Automatic;
				DEVELOPMENT_TEAM = H3J6B8XHH2;
				INFOPLIST_FILE = MassiveToBeTests/Info.plist;
				IPHONEOS_DEPLOYMENT_TARGET = 13.6;
				LD_RUNPATH_SEARCH_PATHS = (
					"$(inherited)",
					"@executable_path/Frameworks",
					"@loader_path/Frameworks",
				);
				PRODUCT_BUNDLE_IDENTIFIER = com.Thiqah.MassiveToBeTests;
				PRODUCT_NAME = "$(TARGET_NAME)";
				SWIFT_VERSION = 5.0;
				TARGETED_DEVICE_FAMILY = "1,2";
				TEST_HOST = "$(BUILT_PRODUCTS_DIR)/MassiveToBe.app/MassiveToBe";
			};
			name = Release;
		};
		49BCB361250DD3140050495B /* Debug */ = {
			isa = XCBuildConfiguration;
			baseConfigurationReference = E43D1CF85F8C19013D12A4E0 /* Pods-MassiveToBe-MassiveToBeUITests.debug.xcconfig */;
			buildSettings = {
				ALWAYS_EMBED_SWIFT_STANDARD_LIBRARIES = YES;
				CODE_SIGN_STYLE = Automatic;
				DEVELOPMENT_TEAM = H3J6B8XHH2;
				INFOPLIST_FILE = MassiveToBeUITests/Info.plist;
				LD_RUNPATH_SEARCH_PATHS = (
					"$(inherited)",
					"@executable_path/Frameworks",
					"@loader_path/Frameworks",
				);
				PRODUCT_BUNDLE_IDENTIFIER = com.Thiqah.MassiveToBeUITests;
				PRODUCT_NAME = "$(TARGET_NAME)";
				SWIFT_VERSION = 5.0;
				TARGETED_DEVICE_FAMILY = "1,2";
				TEST_TARGET_NAME = MassiveToBe;
			};
			name = Debug;
		};
		49BCB362250DD3140050495B /* Release */ = {
			isa = XCBuildConfiguration;
			baseConfigurationReference = 23FA63D49674F257E380AE09 /* Pods-MassiveToBe-MassiveToBeUITests.release.xcconfig */;
			buildSettings = {
				ALWAYS_EMBED_SWIFT_STANDARD_LIBRARIES = YES;
				CODE_SIGN_STYLE = Automatic;
				DEVELOPMENT_TEAM = H3J6B8XHH2;
				INFOPLIST_FILE = MassiveToBeUITests/Info.plist;
				LD_RUNPATH_SEARCH_PATHS = (
					"$(inherited)",
					"@executable_path/Frameworks",
					"@loader_path/Frameworks",
				);
				PRODUCT_BUNDLE_IDENTIFIER = com.Thiqah.MassiveToBeUITests;
				PRODUCT_NAME = "$(TARGET_NAME)";
				SWIFT_VERSION = 5.0;
				TARGETED_DEVICE_FAMILY = "1,2";
				TEST_TARGET_NAME = MassiveToBe;
			};
			name = Release;
		};
/* End XCBuildConfiguration section */

/* Begin XCConfigurationList section */
		49BCB32B250DD3100050495B /* Build configuration list for PBXProject "MassiveToBe" */ = {
			isa = XCConfigurationList;
			buildConfigurations = (
				49BCB358250DD3140050495B /* Debug */,
				49BCB359250DD3140050495B /* Release */,
			);
			defaultConfigurationIsVisible = 0;
			defaultConfigurationName = Release;
		};
		49BCB35A250DD3140050495B /* Build configuration list for PBXNativeTarget "MassiveToBe" */ = {
			isa = XCConfigurationList;
			buildConfigurations = (
				49BCB35B250DD3140050495B /* Debug */,
				49BCB35C250DD3140050495B /* Release */,
			);
			defaultConfigurationIsVisible = 0;
			defaultConfigurationName = Release;
		};
		49BCB35D250DD3140050495B /* Build configuration list for PBXNativeTarget "MassiveToBeTests" */ = {
			isa = XCConfigurationList;
			buildConfigurations = (
				49BCB35E250DD3140050495B /* Debug */,
				49BCB35F250DD3140050495B /* Release */,
			);
			defaultConfigurationIsVisible = 0;
			defaultConfigurationName = Release;
		};
		49BCB360250DD3140050495B /* Build configuration list for PBXNativeTarget "MassiveToBeUITests" */ = {
			isa = XCConfigurationList;
			buildConfigurations = (
				49BCB361250DD3140050495B /* Debug */,
				49BCB362250DD3140050495B /* Release */,
			);
			defaultConfigurationIsVisible = 0;
			defaultConfigurationName = Release;
		};
/* End XCConfigurationList section */
	};
	rootObject = 49BCB328250DD3100050495B /* Project object */;
}
